
Microsoft Visual Studio Solution File, Format Version 12.00
# Visual Studio 15
VisualStudioVersion = 15.0.27703.2000
MinimumVisualStudioVersion = 10.0.40219.1
Project("{FAE04EC0-301F-11D3-BF4B-00C04F79EFBC}") = "Programmering1_13.6", "Programmering1_13.6\Programmering1_13.6.csproj", "{67BD1449-15A2-4F3A-9A3B-04CBBBA12DCE}"
EndProject
Global
	GlobalSection(SolutionConfigurationPlatforms) = preSolution
		Debug|Any CPU = Debug|Any CPU
		Release|Any CPU = Release|Any CPU
	EndGlobalSection
	GlobalSection(ProjectConfigurationPlatforms) = postSolution
		{67BD1449-15A2-4F3A-9A3B-04CBBBA12DCE}.Debug|Any CPU.ActiveCfg = Debug|Any CPU
		{67BD1449-15A2-4F3A-9A3B-04CBBBA12DCE}.Debug|Any CPU.Build.0 = Debug|Any CPU
		{67BD1449-15A2-4F3A-9A3B-04CBBBA12DCE}.Release|Any CPU.ActiveCfg = Release|Any CPU
		{67BD1449-15A2-4F3A-9A3B-04CBBBA12DCE}.Release|Any CPU.Build.0 = Release|Any CPU
	EndGlobalSection
	GlobalSection(SolutionProperties) = preSolution
		HideSolutionNode = FALSE
	EndGlobalSection
	GlobalSection(ExtensibilityGlobals) = postSolution
		SolutionGuid = {76889334-C7B3-4363-BF5A-B2D22FA84F9F}
	EndGlobalSection
EndGlobal
